
Microsoft Visual Studio Solution File, Format Version 12.00
# Visual Studio Version 17
VisualStudioVersion = 17.8.34309.116
MinimumVisualStudioVersion = 10.0.40219.1
Project("{FAE04EC0-301F-11D3-BF4B-00C04F79EFBC}") = "EasySaveV1", "EasySaveV1\EasySaveV1.csproj", "{ACD129F2-9A40-4FF5-AAAC-4BB6F5C4DCF9}"
EndProject
Global
	GlobalSection(SolutionConfigurationPlatforms) = preSolution
		Debug|Any CPU = Debug|Any CPU
		Release|Any CPU = Release|Any CPU
	EndGlobalSection
	GlobalSection(ProjectConfigurationPlatforms) = postSolution
		{ACD129F2-9A40-4FF5-AAAC-4BB6F5C4DCF9}.Debug|Any CPU.ActiveCfg = Debug|Any CPU
		{ACD129F2-9A40-4FF5-AAAC-4BB6F5C4DCF9}.Debug|Any CPU.Build.0 = Debug|Any CPU
		{ACD129F2-9A40-4FF5-AAAC-4BB6F5C4DCF9}.Release|Any CPU.ActiveCfg = Release|Any CPU
		{ACD129F2-9A40-4FF5-AAAC-4BB6F5C4DCF9}.Release|Any CPU.Build.0 = Release|Any CPU
	EndGlobalSection
	GlobalSection(SolutionProperties) = preSolution
		HideSolutionNode = FALSE
	EndGlobalSection
	GlobalSection(ExtensibilityGlobals) = postSolution
		SolutionGuid = {00AF3D8C-2208-458A-AF2A-AAE96AFDBE55}
	EndGlobalSection
EndGlobal
